
Microsoft Visual Studio Solution File, Format Version 12.00
# Visual Studio Version 16
VisualStudioVersion = 16.0.30413.136
MinimumVisualStudioVersion = 10.0.40219.1
Project("{FAE04EC0-301F-11D3-BF4B-00C04F79EFBC}") = "Apogos.Tilson.Contact.Plugins", "Apogos.Tilson.Contact.Plugins\Apogos.Tilson.Contact.Plugins.csproj", "{3E15791A-1B8B-4332-A24C-9DB335839364}"
EndProject
Project("{FAE04EC0-301F-11D3-BF4B-00C04F79EFBC}") = "Apogos.Tilson.Contact.Plugins.Test", "Apogos.Tilson.Contact.Plugins.Test\Apogos.Tilson.Contact.Plugins.Test.csproj", "{F861E860-DDC5-4503-8AA3-1533D26B5588}"
EndProject
Global
	GlobalSection(SolutionConfigurationPlatforms) = preSolution
		Debug|Any CPU = Debug|Any CPU
		Release|Any CPU = Release|Any CPU
		Test|Any CPU = Test|Any CPU
	EndGlobalSection
	GlobalSection(ProjectConfigurationPlatforms) = postSolution
		{3E15791A-1B8B-4332-A24C-9DB335839364}.Debug|Any CPU.ActiveCfg = Debug|Any CPU
		{3E15791A-1B8B-4332-A24C-9DB335839364}.Debug|Any CPU.Build.0 = Debug|Any CPU
		{3E15791A-1B8B-4332-A24C-9DB335839364}.Release|Any CPU.ActiveCfg = Release|Any CPU
		{3E15791A-1B8B-4332-A24C-9DB335839364}.Release|Any CPU.Build.0 = Release|Any CPU
		{3E15791A-1B8B-4332-A24C-9DB335839364}.Test|Any CPU.ActiveCfg = Test|Any CPU
		{3E15791A-1B8B-4332-A24C-9DB335839364}.Test|Any CPU.Build.0 = Test|Any CPU
		{F861E860-DDC5-4503-8AA3-1533D26B5588}.Debug|Any CPU.ActiveCfg = Debug|Any CPU
		{F861E860-DDC5-4503-8AA3-1533D26B5588}.Debug|Any CPU.Build.0 = Debug|Any CPU
		{F861E860-DDC5-4503-8AA3-1533D26B5588}.Release|Any CPU.ActiveCfg = Release|Any CPU
		{F861E860-DDC5-4503-8AA3-1533D26B5588}.Release|Any CPU.Build.0 = Release|Any CPU
		{F861E860-DDC5-4503-8AA3-1533D26B5588}.Test|Any CPU.ActiveCfg = Release|Any CPU
		{F861E860-DDC5-4503-8AA3-1533D26B5588}.Test|Any CPU.Build.0 = Release|Any CPU
	EndGlobalSection
	GlobalSection(SolutionProperties) = preSolution
		HideSolutionNode = FALSE
	EndGlobalSection
	GlobalSection(ExtensibilityGlobals) = postSolution
		SolutionGuid = {E3B1D868-3D4E-4580-96D1-AF605D624D4C}
	EndGlobalSection
EndGlobal
